
Microsoft Visual Studio Solution File, Format Version 12.00
# Visual Studio Version 16
VisualStudioVersion = 16.0.30611.23
MinimumVisualStudioVersion = 10.0.40219.1
Project("{9A19103F-16F7-4668-BE54-9A1E7A4F7556}") = "EntityFrameworkCore.SqlServer.Seeding", "EntityFrameworkCore.SqlServer.Seeding\EntityFrameworkCore.SqlServer.Seeding.csproj", "{F4F0A1E5-CE1F-40C8-A099-22E368A1AE11}"
EndProject
Project("{9A19103F-16F7-4668-BE54-9A1E7A4F7556}") = "EntityFrameworkCore.SqlServer.Seeding.Tool", "EntityFrameworkCore.SqlServer.Seeding.Tool\EntityFrameworkCore.SqlServer.Seeding.Tool.csproj", "{2F1B4957-3AE6-42C9-89FB-E852FDC97B95}"
EndProject
Global
	GlobalSection(SolutionConfigurationPlatforms) = preSolution
		Debug|Any CPU = Debug|Any CPU
		Release|Any CPU = Release|Any CPU
	EndGlobalSection
	GlobalSection(ProjectConfigurationPlatforms) = postSolution
		{F4F0A1E5-CE1F-40C8-A099-22E368A1AE11}.Debug|Any CPU.ActiveCfg = Debug|Any CPU
		{F4F0A1E5-CE1F-40C8-A099-22E368A1AE11}.Debug|Any CPU.Build.0 = Debug|Any CPU
		{F4F0A1E5-CE1F-40C8-A099-22E368A1AE11}.Release|Any CPU.ActiveCfg = Release|Any CPU
		{F4F0A1E5-CE1F-40C8-A099-22E368A1AE11}.Release|Any CPU.Build.0 = Release|Any CPU
		{2F1B4957-3AE6-42C9-89FB-E852FDC97B95}.Debug|Any CPU.ActiveCfg = Debug|Any CPU
		{2F1B4957-3AE6-42C9-89FB-E852FDC97B95}.Debug|Any CPU.Build.0 = Debug|Any CPU
		{2F1B4957-3AE6-42C9-89FB-E852FDC97B95}.Release|Any CPU.ActiveCfg = Release|Any CPU
		{2F1B4957-3AE6-42C9-89FB-E852FDC97B95}.Release|Any CPU.Build.0 = Release|Any CPU
	EndGlobalSection
	GlobalSection(SolutionProperties) = preSolution
		HideSolutionNode = FALSE
	EndGlobalSection
	GlobalSection(ExtensibilityGlobals) = postSolution
		SolutionGuid = {A61572CA-9A18-43B3-9D0D-E99CA77BCDD7}
	EndGlobalSection
EndGlobal
